
Microsoft Visual Studio Solution File, Format Version 12.00
# Visual Studio Version 16
VisualStudioVersion = 16.0.29613.14
MinimumVisualStudioVersion = 10.0.40219.1
Project("{FAE04EC0-301F-11D3-BF4B-00C04F79EFBC}") = "TestGitHub", "TestGitHub\TestGitHub.csproj", "{1D491E02-41E0-4BF7-B740-F3E06023C516}"
EndProject
Global
	GlobalSection(SolutionConfigurationPlatforms) = preSolution
		Debug|Any CPU = Debug|Any CPU
		Release|Any CPU = Release|Any CPU
	EndGlobalSection
	GlobalSection(ProjectConfigurationPlatforms) = postSolution
		{1D491E02-41E0-4BF7-B740-F3E06023C516}.Debug|Any CPU.ActiveCfg = Debug|Any CPU
		{1D491E02-41E0-4BF7-B740-F3E06023C516}.Debug|Any CPU.Build.0 = Debug|Any CPU
		{1D491E02-41E0-4BF7-B740-F3E06023C516}.Release|Any CPU.ActiveCfg = Release|Any CPU
		{1D491E02-41E0-4BF7-B740-F3E06023C516}.Release|Any CPU.Build.0 = Release|Any CPU
	EndGlobalSection
	GlobalSection(SolutionProperties) = preSolution
		HideSolutionNode = FALSE
	EndGlobalSection
	GlobalSection(ExtensibilityGlobals) = postSolution
		SolutionGuid = {EC9D3BDB-713A-4332-B877-6A410F766B65}
	EndGlobalSection
EndGlobal
